
Microsoft Visual Studio Solution File, Format Version 12.00
# Visual Studio 14
VisualStudioVersion = 14.0.25420.1
MinimumVisualStudioVersion = 10.0.40219.1
Project("{FAE04EC0-301F-11D3-BF4B-00C04F79EFBC}") = "codeexercise", "codeexercise\codeexercise.csproj", "{F1DB37CF-0E8C-4F41-A752-4655D7BAA9AB}"
EndProject
Global
	GlobalSection(SolutionConfigurationPlatforms) = preSolution
		Debug|Any CPU = Debug|Any CPU
		Release|Any CPU = Release|Any CPU
	EndGlobalSection
	GlobalSection(ProjectConfigurationPlatforms) = postSolution
		{F1DB37CF-0E8C-4F41-A752-4655D7BAA9AB}.Debug|Any CPU.ActiveCfg = Debug|Any CPU
		{F1DB37CF-0E8C-4F41-A752-4655D7BAA9AB}.Debug|Any CPU.Build.0 = Debug|Any CPU
		{F1DB37CF-0E8C-4F41-A752-4655D7BAA9AB}.Release|Any CPU.ActiveCfg = Release|Any CPU
		{F1DB37CF-0E8C-4F41-A752-4655D7BAA9AB}.Release|Any CPU.Build.0 = Release|Any CPU
	EndGlobalSection
	GlobalSection(SolutionProperties) = preSolution
		HideSolutionNode = FALSE
	EndGlobalSection
EndGlobal
